schema: '2.0'
stages:
  convert:
    cmd: python -m src.cli.data_cli convert --bucket llm-finetuning-rahman-1234 --dataset
      servicenow-qa --output servicenow-qa_converted --config configs/data/data_processing.json
    deps:
    - path: configs/data/data_processing.json
      hash: md5
      md5: eb823adbadc736e4cb6ad93691ff320a
      size: 316
    - path: data/raw/servicenow-qa.json
      hash: md5
      md5: bf5baddfdc1ac17e3c7ca020ce9e25a6
      size: 1254
    - path: src/cloud/storage.py
      hash: md5
      md5: adf6510c6c08a1b20f9caaee3865cd2f
      size: 11229
    - path: src/data/s3_pipeline.py
      hash: md5
      md5: 5f7e17b08ccca1c0a50ee16103d3b347
      size: 24052
    outs:
    - path: data/processed/servicenow-qa_converted.json
      hash: md5
      md5: e7251412d42166da8e43239f922469a4
      size: 2318
  preprocess:
    cmd: python -m src.cli.data_cli preprocess --bucket llm-finetuning-rahman-1234
      --dataset servicenow-qa_converted --output servicenow-qa_preprocessed --config
      configs/data/data_processing.json
    deps:
    - path: configs/data/data_processing.json
      hash: md5
      md5: eb823adbadc736e4cb6ad93691ff320a
      size: 316
    - path: data/processed/servicenow-qa_converted.json
      hash: md5
      md5: e7251412d42166da8e43239f922469a4
      size: 2318
    - path: src/cloud/storage.py
      hash: md5
      md5: adf6510c6c08a1b20f9caaee3865cd2f
      size: 11229
    - path: src/data/s3_pipeline.py
      hash: md5
      md5: 5f7e17b08ccca1c0a50ee16103d3b347
      size: 24052
    outs:
    - path: data/processed/servicenow-qa_preprocessed.json
      hash: md5
      md5: e7251412d42166da8e43239f922469a4
      size: 2318
  validate:
    cmd: python -m src.cli.data_cli validate --bucket llm-finetuning-rahman-1234 --dataset
      servicenow-qa_preprocessed --output servicenow-qa_validated --config configs/data/data_processing.json
    deps:
    - path: configs/data/data_processing.json
      hash: md5
      md5: eb823adbadc736e4cb6ad93691ff320a
      size: 316
    - path: data/processed/servicenow-qa_preprocessed.json
      hash: md5
      md5: e7251412d42166da8e43239f922469a4
      size: 2318
    - path: src/cloud/storage.py
      hash: md5
      md5: adf6510c6c08a1b20f9caaee3865cd2f
      size: 11229
    - path: src/data/s3_pipeline.py
      hash: md5
      md5: 5f7e17b08ccca1c0a50ee16103d3b347
      size: 24052
    outs:
    - path: data/validation/servicenow-qa_validated.json
      hash: md5
      md5: e7251412d42166da8e43239f922469a4
      size: 2318
    - path: data/validation/servicenow-qa_validated_stats.json
      hash: md5
      md5: ad8f00b8817fbae1bfbd4529bb6dacac
      size: 63
  tokenize:
    cmd: python -m src.cli.data_cli tokenize --bucket llm-finetuning-rahman-1234 --dataset
      servicenow-qa_validated --output servicenow-qa_tokenized --config configs/data/data_processing.json
    deps:
    - path: configs/data/data_processing.json
      hash: md5
      md5: eb823adbadc736e4cb6ad93691ff320a
      size: 316
    - path: data/validation/servicenow-qa_validated.json
      hash: md5
      md5: e7251412d42166da8e43239f922469a4
      size: 2318
    - path: src/cloud/storage.py
      hash: md5
      md5: adf6510c6c08a1b20f9caaee3865cd2f
      size: 11229
    - path: src/data/s3_pipeline.py
      hash: md5
      md5: 5f7e17b08ccca1c0a50ee16103d3b347
      size: 24052
    outs:
    - path: data/processed/servicenow-qa_tokenized.pt
      hash: md5
      md5: 4ed664baffc69e59a411078451b3c0ef
      size: 3744
  split:
    cmd: python -m src.cli.data_cli split --bucket llm-finetuning-rahman-1234 --dataset
      servicenow-qa_tokenized --config configs/data/data_processing.json
    deps:
    - path: configs/data/data_processing.json
      hash: md5
      md5: eb823adbadc736e4cb6ad93691ff320a
      size: 316
    - path: data/processed/servicenow-qa_tokenized.pt
      hash: md5
      md5: 4ed664baffc69e59a411078451b3c0ef
      size: 3744
    - path: src/cloud/storage.py
      hash: md5
      md5: adf6510c6c08a1b20f9caaee3865cd2f
      size: 11229
    - path: src/data/s3_pipeline.py
      hash: md5
      md5: 5f7e17b08ccca1c0a50ee16103d3b347
      size: 24052
    outs:
    - path: data/processed/servicenow-qa_tokenized_test.pt
      hash: md5
      md5: fdb776a31fb9efbf19b7cb7bdb676c9c
      size: 1588
    - path: data/processed/servicenow-qa_tokenized_train.pt
      hash: md5
      md5: a6f2c0515144b031ba96100b0e480093
      size: 3256
    - path: data/processed/servicenow-qa_tokenized_val.pt
      hash: md5
      md5: b3eba6aef2595f9049f85a19a2c85312
      size: 1008
  download:
    cmd: "python scripts/dataset_converter.py --subset_size 100 --version v1 --output_path
      data/raw/servicenow-qa.json\n"
    deps:
    - path: scripts/dataset_converter.py
      hash: md5
      md5: 4bdf337ce4e6081c7a2d0dcf865c5bf6
      size: 4405
    outs:
    - path: data/raw/servicenow-qa.json
      hash: md5
      md5: 5024042a605f0e966c7f54beefe19185
      size: 91475
